// !$*UTF8*$!
{
	archiveVersion = 1;
	classes = {
	};
	objectVersion = 48;
	objects = {

/* Begin PBXBuildFile section */
		1E9EC8322063DC68000A5E17 /* AppDelegate.m in Sources */ = {isa = PBXBuildFile; fileRef = 1E9EC8312063DC68000A5E17 /* AppDelegate.m */; };
		1E9EC8352063DC68000A5E17 /* ViewController.m in Sources */ = {isa = PBXBuildFile; fileRef = 1E9EC8342063DC68000A5E17 /* ViewController.m */; };
		1E9EC8382063DC68000A5E17 /* Main.storyboard in Resources */ = {isa = PBXBuildFile; fileRef = 1E9EC8362063DC68000A5E17 /* Main.storyboard */; };
		1E9EC83A2063DC68000A5E17 /* Assets.xcassets in Resources */ = {isa = PBXBuildFile; fileRef = 1E9EC8392063DC68000A5E17 /* Assets.xcassets */; };
		1E9EC83D2063DC68000A5E17 /* LaunchScreen.storyboard in Resources */ = {isa = PBXBuildFile; fileRef = 1E9EC83B2063DC68000A5E17 /* LaunchScreen.storyboard */; };
		1E9EC8402063DC68000A5E17 /* main.m in Sources */ = {isa = PBXBuildFile; fileRef = 1E9EC83F2063DC68000A5E17 /* main.m */; };
		1E9EC84A2063DC68000A5E17 /* GZNetworkTests.m in Sources */ = {isa = PBXBuildFile; fileRef = 1E9EC8492063DC68000A5E17 /* GZNetworkTests.m */; };
		1E9EC8552063DC68000A5E17 /* GZNetworkUITests.m in Sources */ = {isa = PBXBuildFile; fileRef = 1E9EC8542063DC68000A5E17 /* GZNetworkUITests.m */; };
		945A398F212427CBEF219EE5 /* libPods-GZNetwork.a in Frameworks */ = {isa = PBXBuildFile; fileRef = 0AC5D476DF0CEF162D86722E /* libPods-GZNetwork.a */; };
/* End PBXBuildFile section */

/* Begin PBXContainerItemProxy section */
		1E9EC8462063DC68000A5E17 /* PBXContainerItemProxy */ = {
			isa = PBXContainerItemProxy;
			containerPortal = 1E9EC8252063DC68000A5E17 /* Project object */;
			proxyType = 1;
			remoteGlobalIDString = 1E9EC82C2063DC68000A5E17;
			remoteInfo = GZNetwork;
		};
		1E9EC8512063DC68000A5E17 /* PBXContainerItemProxy */ = {
			isa = PBXContainerItemProxy;
			containerPortal = 1E9EC8252063DC68000A5E17 /* Project object */;
			proxyType = 1;
			remoteGlobalIDString = 1E9EC82C2063DC68000A5E17;
			remoteInfo = GZNetwork;
		};
/* End PBXContainerItemProxy section */

/* Begin PBXFileReference section */
		04F015C59A4CC38D180C47FA /* Pods-GZNetwork.debug.xcconfig */ = {isa = PBXFileReference; includeInIndex = 1; lastKnownFileType = text.xcconfig; name = "Pods-GZNetwork.debug.xcconfig"; path = "Pods/Target Support Files/Pods-GZNetwork/Pods-GZNetwork.debug.xcconfig"; sourceTree = "<group>"; };
		07D46B8DF7F2388B7044325C /* Pods-GZNetwork.release.xcconfig */ = {isa = PBXFileReference; includeInIndex = 1; lastKnownFileType = text.xcconfig; name = "Pods-GZNetwork.release.xcconfig"; path = "Pods/Target Support Files/Pods-GZNetwork/Pods-GZNetwork.release.xcconfig"; sourceTree = "<group>"; };
		0AC5D476DF0CEF162D86722E /* libPods-GZNetwork.a */ = {isa = PBXFileReference; explicitFileType = archive.ar; includeInIndex = 0; path = "libPods-GZNetwork.a"; sourceTree = BUILT_PRODUCTS_DIR; };
		1E9EC82D2063DC68000A5E17 /* GZNetwork.app */ = {isa = PBXFileReference; explicitFileType = wrapper.application; includeInIndex = 0; path = GZNetwork.app; sourceTree = BUILT_PRODUCTS_DIR; };
		1E9EC8302063DC68000A5E17 /* AppDelegate.h */ = {isa = PBXFileReference; lastKnownFileType = sourcecode.c.h; path = AppDelegate.h; sourceTree = "<group>"; };
		1E9EC8312063DC68000A5E17 /* AppDelegate.m */ = {isa = PBXFileReference; lastKnownFileType = sourcecode.c.objc; path = AppDelegate.m; sourceTree = "<group>"; };
		1E9EC8332063DC68000A5E17 /* ViewController.h */ = {isa = PBXFileReference; lastKnownFileType = sourcecode.c.h; path = ViewController.h; sourceTree = "<group>"; };
		1E9EC8342063DC68000A5E17 /* ViewController.m */ = {isa = PBXFileReference; lastKnownFileType = sourcecode.c.objc; path = ViewController.m; sourceTree = "<group>"; };
		1E9EC8372063DC68000A5E17 /* Base */ = {isa = PBXFileReference; lastKnownFileType = file.storyboard; name = Base; path = Base.lproj/Main.storyboard; sourceTree = "<group>"; };
		1E9EC8392063DC68000A5E17 /* Assets.xcassets */ = {isa = PBXFileReference; lastKnownFileType = folder.assetcatalog; path = Assets.xcassets; sourceTree = "<group>"; };
		1E9EC83C2063DC68000A5E17 /* Base */ = {isa = PBXFileReference; lastKnownFileType = file.storyboard; name = Base; path = Base.lproj/LaunchScreen.storyboard; sourceTree = "<group>"; };
		1E9EC83E2063DC68000A5E17 /* Info.plist */ = {isa = PBXFileReference; lastKnownFileType = text.plist.xml; path = Info.plist; sourceTree = "<group>"; };
		1E9EC83F2063DC68000A5E17 /* main.m */ = {isa = PBXFileReference; lastKnownFileType = sourcecode.c.objc; path = main.m; sourceTree = "<group>"; };
		1E9EC8452063DC68000A5E17 /* GZNetworkTests.xctest */ = {isa = PBXFileReference; explicitFileType = wrapper.cfbundle; includeInIndex = 0; path = GZNetworkTests.xctest; sourceTree = BUILT_PRODUCTS_DIR; };
		1E9EC8492063DC68000A5E17 /* GZNetworkTests.m */ = {isa = PBXFileReference; lastKnownFileType = sourcecode.c.objc; path = GZNetworkTests.m; sourceTree = "<group>"; };
		1E9EC84B2063DC68000A5E17 /* Info.plist */ = {isa = PBXFileReference; lastKnownFileType = text.plist.xml; path = Info.plist; sourceTree = "<group>"; };
		1E9EC8502063DC68000A5E17 /* GZNetworkUITests.xctest */ = {isa = PBXFileReference; explicitFileType = wrapper.cfbundle; includeInIndex = 0; path = GZNetworkUITests.xctest; sourceTree = BUILT_PRODUCTS_DIR; };
		1E9EC8542063DC68000A5E17 /* GZNetworkUITests.m */ = {isa = PBXFileReference; lastKnownFileType = sourcecode.c.objc; path = GZNetworkUITests.m; sourceTree = "<group>"; };
		1E9EC8562063DC68000A5E17 /* Info.plist */ = {isa = PBXFileReference; lastKnownFileType = text.plist.xml; path = Info.plist; sourceTree = "<group>"; };
/* End PBXFileReference section */

/* Begin PBXFrameworksBuildPhase section */
		1E9EC82A2063DC68000A5E17 /* Frameworks */ = {
			isa = PBXFrameworksBuildPhase;
			buildActionMask = 2147483647;
			files = (
				945A398F212427CBEF219EE5 /* libPods-GZNetwork.a in Frameworks */,
			);
			runOnlyForDeploymentPostprocessing = 0;
		};
		1E9EC8422063DC68000A5E17 /* Frameworks */ = {
			isa = PBXFrameworksBuildPhase;
			buildActionMask = 2147483647;
			files = (
			);
			runOnlyForDeploymentPostprocessing = 0;
		};
		1E9EC84D2063DC68000A5E17 /* Frameworks */ = {
			isa = PBXFrameworksBuildPhase;
			buildActionMask = 2147483647;
			files = (
			);
			runOnlyForDeploymentPostprocessing = 0;
		};
/* End PBXFrameworksBuildPhase section */

/* Begin PBXGroup section */
		1E9EC8242063DC68000A5E17 = {
			isa = PBXGroup;
			children = (
				1E9EC82F2063DC68000A5E17 /* GZNetwork */,
				1E9EC8482063DC68000A5E17 /* GZNetworkTests */,
				1E9EC8532063DC68000A5E17 /* GZNetworkUITests */,
				1E9EC82E2063DC68000A5E17 /* Products */,
				68AD21124B545F08F247FF9C /* Pods */,
				CFB4F4DF0F2762660522A1D4 /* Frameworks */,
			);
			sourceTree = "<group>";
		};
		1E9EC82E2063DC68000A5E17 /* Products */ = {
			isa = PBXGroup;
			children = (
				1E9EC82D2063DC68000A5E17 /* GZNetwork.app */,
				1E9EC8452063DC68000A5E17 /* GZNetworkTests.xctest */,
				1E9EC8502063DC68000A5E17 /* GZNetworkUITests.xctest */,
			);
			name = Products;
			sourceTree = "<group>";
		};
		1E9EC82F2063DC68000A5E17 /* GZNetwork */ = {
			isa = PBXGroup;
			children = (
				1E9EC8302063DC68000A5E17 /* AppDelegate.h */,
				1E9EC8312063DC68000A5E17 /* AppDelegate.m */,
				1E9EC8332063DC68000A5E17 /* ViewController.h */,
				1E9EC8342063DC68000A5E17 /* ViewController.m */,
				1E9EC8362063DC68000A5E17 /* Main.storyboard */,
				1E9EC8392063DC68000A5E17 /* Assets.xcassets */,
				1E9EC83B2063DC68000A5E17 /* LaunchScreen.storyboard */,
				1E9EC83E2063DC68000A5E17 /* Info.plist */,
				1E9EC83F2063DC68000A5E17 /* main.m */,
			);
			path = GZNetwork;
			sourceTree = "<group>";
		};
		1E9EC8482063DC68000A5E17 /* GZNetworkTests */ = {
			isa = PBXGroup;
			children = (
				1E9EC8492063DC68000A5E17 /* GZNetworkTests.m */,
				1E9EC84B2063DC68000A5E17 /* Info.plist */,
			);
			path = GZNetworkTests;
			sourceTree = "<group>";
		};
		1E9EC8532063DC68000A5E17 /* GZNetworkUITests */ = {
			isa = PBXGroup;
			children = (
				1E9EC8542063DC68000A5E17 /* GZNetworkUITests.m */,
				1E9EC8562063DC68000A5E17 /* Info.plist */,
			);
			path = GZNetworkUITests;
			sourceTree = "<group>";
		};
		68AD21124B545F08F247FF9C /* Pods */ = {
			isa = PBXGroup;
			children = (
				04F015C59A4CC38D180C47FA /* Pods-GZNetwork.debug.xcconfig */,
				07D46B8DF7F2388B7044325C /* Pods-GZNetwork.release.xcconfig */,
			);
			name = Pods;
			sourceTree = "<group>";
		};
		CFB4F4DF0F2762660522A1D4 /* Frameworks */ = {
			isa = PBXGroup;
			children = (
				0AC5D476DF0CEF162D86722E /* libPods-GZNetwork.a */,
			);
			name = Frameworks;
			sourceTree = "<group>";
		};
/* End PBXGroup section */

/* Begin PBXNativeTarget section */
		1E9EC82C2063DC68000A5E17 /* GZNetwork */ = {
			isa = PBXNativeTarget;
			buildConfigurationList = 1E9EC8592063DC68000A5E17 /* Build configuration list for PBXNativeTarget "GZNetwork" */;
			buildPhases = (
				8B182714B08503C07501CF20 /* [CP] Check Pods Manifest.lock */,
				1E9EC8292063DC68000A5E17 /* Sources */,
				1E9EC82A2063DC68000A5E17 /* Frameworks */,
				1E9EC82B2063DC68000A5E17 /* Resources */,
				92B26A0CC375E0917026F2CC /* [CP] Embed Pods Frameworks */,
				5B831921BBD922ADE9B37CE7 /* [CP] Copy Pods Resources */,
			);
			buildRules = (
			);
			dependencies = (
			);
			name = GZNetwork;
			productName = GZNetwork;
			productReference = 1E9EC82D2063DC68000A5E17 /* GZNetwork.app */;
			productType = "com.apple.product-type.application";
		};
		1E9EC8442063DC68000A5E17 /* GZNetworkTests */ = {
			isa = PBXNativeTarget;
			buildConfigurationList = 1E9EC85C2063DC68000A5E17 /* Build configuration list for PBXNativeTarget "GZNetworkTests" */;
			buildPhases = (
				1E9EC8412063DC68000A5E17 /* Sources */,
				1E9EC8422063DC68000A5E17 /* Frameworks */,
				1E9EC8432063DC68000A5E17 /* Resources */,
			);
			buildRules = (
			);
			dependencies = (
				1E9EC8472063DC68000A5E17 /* PBXTargetDependency */,
			);
			name = GZNetworkTests;
			productName = GZNetworkTests;
			productReference = 1E9EC8452063DC68000A5E17 /* GZNetworkTests.xctest */;
			productType = "com.apple.product-type.bundle.unit-test";
		};
		1E9EC84F2063DC68000A5E17 /* GZNetworkUITests */ = {
			isa = PBXNativeTarget;
			buildConfigurationList = 1E9EC85F2063DC68000A5E17 /* Build configuration list for PBXNativeTarget "GZNetworkUITests" */;
			buildPhases = (
				1E9EC84C2063DC68000A5E17 /* Sources */,
				1E9EC84D2063DC68000A5E17 /* Frameworks */,
				1E9EC84E2063DC68000A5E17 /* Resources */,
			);
			buildRules = (
			);
			dependencies = (
				1E9EC8522063DC68000A5E17 /* PBXTargetDependency */,
			);
			name = GZNetworkUITests;
			productName = GZNetworkUITests;
			productReference = 1E9EC8502063DC68000A5E17 /* GZNetworkUITests.xctest */;
			productType = "com.apple.product-type.bundle.ui-testing";
		};
/* End PBXNativeTarget section */

/* Begin PBXProject section */
		1E9EC8252063DC68000A5E17 /* Project object */ = {
			isa = PBXProject;
			attributes = {
				LastUpgradeCheck = 0920;
				ORGANIZATIONNAME = zengzhihui;
				TargetAttributes = {
					1E9EC82C2063DC68000A5E17 = {
						CreatedOnToolsVersion = 9.2;
						ProvisioningStyle = Automatic;
					};
					1E9EC8442063DC68000A5E17 = {
						CreatedOnToolsVersion = 9.2;
						ProvisioningStyle = Automatic;
						TestTargetID = 1E9EC82C2063DC68000A5E17;
					};
					1E9EC84F2063DC68000A5E17 = {
						CreatedOnToolsVersion = 9.2;
						ProvisioningStyle = Automatic;
						TestTargetID = 1E9EC82C2063DC68000A5E17;
					};
				};
			};
			buildConfigurationList = 1E9EC8282063DC68000A5E17 /* Build configuration list for PBXProject "GZNetwork" */;
			compatibilityVersion = "Xcode 8.0";
			developmentRegion = en;
			hasScannedForEncodings = 0;
			knownRegions = (
				en,
				Base,
			);
			mainGroup = 1E9EC8242063DC68000A5E17;
			productRefGroup = 1E9EC82E2063DC68000A5E17 /* Products */;
			projectDirPath = "";
			projectRoot = "";
			targets = (
				1E9EC82C2063DC68000A5E17 /* GZNetwork */,
				1E9EC8442063DC68000A5E17 /* GZNetworkTests */,
				1E9EC84F2063DC68000A5E17 /* GZNetworkUITests */,
			);
		};
/* End PBXProject section */

/* Begin PBXResourcesBuildPhase section */
		1E9EC82B2063DC68000A5E17 /* Resources */ = {
			isa = PBXResourcesBuildPhase;
			buildActionMask = 2147483647;
			files = (
				1E9EC83D2063DC68000A5E17 /* LaunchScreen.storyboard in Resources */,
				1E9EC83A2063DC68000A5E17 /* Assets.xcassets in Resources */,
				1E9EC8382063DC68000A5E17 /* Main.storyboard in Resources */,
			);
			runOnlyForDeploymentPostprocessing = 0;
		};
		1E9EC8432063DC68000A5E17 /* Resources */ = {
			isa = PBXResourcesBuildPhase;
			buildActionMask = 2147483647;
			files = (
			);
			runOnlyForDeploymentPostprocessing = 0;
		};
		1E9EC84E2063DC68000A5E17 /* Resources */ = {
			isa = PBXResourcesBuildPhase;
			buildActionMask = 2147483647;
			files = (
			);
			runOnlyForDeploymentPostprocessing = 0;
		};
/* End PBXResourcesBuildPhase section */

/* Begin PBXShellScriptBuildPhase section */
		5B831921BBD922ADE9B37CE7 /* [CP] Copy Pods Resources */ = {
			isa = PBXShellScriptBuildPhase;
			buildActionMask = 2147483647;
			files = (
			);
			inputPaths = (
			);
			name = "[CP] Copy Pods Resources";
			outputPaths = (
			);
			runOnlyForDeploymentPostprocessing = 0;
			shellPath = /bin/sh;
			shellScript = "\"${SRCROOT}/Pods/Target Support Files/Pods-GZNetwork/Pods-GZNetwork-resources.sh\"\n";
			showEnvVarsInLog = 0;
		};
		8B182714B08503C07501CF20 /* [CP] Check Pods Manifest.lock */ = {
			isa = PBXShellScriptBuildPhase;
			buildActionMask = 2147483647;
			files = (
			);
			inputPaths = (
				"${PODS_PODFILE_DIR_PATH}/Podfile.lock",
				"${PODS_ROOT}/Manifest.lock",
			);
			name = "[CP] Check Pods Manifest.lock";
			outputPaths = (
				"$(DERIVED_FILE_DIR)/Pods-GZNetwork-checkManifestLockResult.txt",
			);
			runOnlyForDeploymentPostprocessing = 0;
			shellPath = /bin/sh;
			shellScript = "diff \"${PODS_PODFILE_DIR_PATH}/Podfile.lock\" \"${PODS_ROOT}/Manifest.lock\" > /dev/null\nif [ $? != 0 ] ; then\n    # print error to STDERR\n    echo \"error: The sandbox is not in sync with the Podfile.lock. Run 'pod install' or update your CocoaPods installation.\" >&2\n    exit 1\nfi\n# This output is used by Xcode 'outputs' to avoid re-running this script phase.\necho \"SUCCESS\" > \"${SCRIPT_OUTPUT_FILE_0}\"\n";
			showEnvVarsInLog = 0;
		};
		92B26A0CC375E0917026F2CC /* [CP] Embed Pods Frameworks */ = {
			isa = PBXShellScriptBuildPhase;
			buildActionMask = 2147483647;
			files = (
			);
			inputPaths = (
			);
			name = "[CP] Embed Pods Frameworks";
			outputPaths = (
			);
			runOnlyForDeploymentPostprocessing = 0;
			shellPath = /bin/sh;
			shellScript = "\"${SRCROOT}/Pods/Target Support Files/Pods-GZNetwork/Pods-GZNetwork-frameworks.sh\"\n";
			showEnvVarsInLog = 0;
		};
/* End PBXShellScriptBuildPhase section */

/* Begin PBXSourcesBuildPhase section */
		1E9EC8292063DC68000A5E17 /* Sources */ = {
			isa = PBXSourcesBuildPhase;
			buildActionMask = 2147483647;
			files = (
				1E9EC8352063DC68000A5E17 /* ViewController.m in Sources */,
				1E9EC8402063DC68000A5E17 /* main.m in Sources */,
				1E9EC8322063DC68000A5E17 /* AppDelegate.m in Sources */,
			);
			runOnlyForDeploymentPostprocessing = 0;
		};
		1E9EC8412063DC68000A5E17 /* Sources */ = {
			isa = PBXSourcesBuildPhase;
			buildActionMask = 2147483647;
			files = (
				1E9EC84A2063DC68000A5E17 /* GZNetworkTests.m in Sources */,
			);
			runOnlyForDeploymentPostprocessing = 0;
		};
		1E9EC84C2063DC68000A5E17 /* Sources */ = {
			isa = PBXSourcesBuildPhase;
			buildActionMask = 2147483647;
			files = (
				1E9EC8552063DC68000A5E17 /* GZNetworkUITests.m in Sources */,
			);
			runOnlyForDeploymentPostprocessing = 0;
		};
/* End PBXSourcesBuildPhase section */

/* Begin PBXTargetDependency section */
		1E9EC8472063DC68000A5E17 /* PBXTargetDependency */ = {
			isa = PBXTargetDependency;
			target = 1E9EC82C2063DC68000A5E17 /* GZNetwork */;
			targetProxy = 1E9EC8462063DC68000A5E17 /* PBXContainerItemProxy */;
		};
		1E9EC8522063DC68000A5E17 /* PBXTargetDependency */ = {
			isa = PBXTargetDependency;
			target = 1E9EC82C2063DC68000A5E17 /* GZNetwork */;
			targetProxy = 1E9EC8512063DC68000A5E17 /* PBXContainerItemProxy */;
		};
/* End PBXTargetDependency section */

/* Begin PBXVariantGroup section */
		1E9EC8362063DC68000A5E17 /* Main.storyboard */ = {
			isa = PBXVariantGroup;
			children = (
				1E9EC8372063DC68000A5E17 /* Base */,
			);
			name = Main.storyboard;
			sourceTree = "<group>";
		};
		1E9EC83B2063DC68000A5E17 /* LaunchScreen.storyboard */ = {
			isa = PBXVariantGroup;
			children = (
				1E9EC83C2063DC68000A5E17 /* Base */,
			);
			name = LaunchScreen.storyboard;
			sourceTree = "<group>";
		};
/* End PBXVariantGroup section */

/* Begin XCBuildConfiguration section */
		1E9EC8572063DC68000A5E17 /* Debug */ = {
			isa = XCBuildConfiguration;
			buildSettings = {
				ALWAYS_SEARCH_USER_PATHS = NO;
				CLANG_ANALYZER_NONNULL = YES;
				CLANG_ANALYZER_NUMBER_OBJECT_CONVERSION = YES_AGGRESSIVE;
				CLANG_CXX_LANGUAGE_STANDARD = "gnu++14";
				CLANG_CXX_LIBRARY = "libc++";
				CLANG_ENABLE_MODULES = YES;
				CLANG_ENABLE_OBJC_ARC = YES;
				CLANG_WARN_BLOCK_CAPTURE_AUTORELEASING = YES;
				CLANG_WARN_BOOL_CONVERSION = YES;
				CLANG_WARN_COMMA = YES;
				CLANG_WARN_CONSTANT_CONVERSION = YES;
				CLANG_WARN_DIRECT_OBJC_ISA_USAGE = YES_ERROR;
				CLANG_WARN_DOCUMENTATION_COMMENTS = YES;
				CLANG_WARN_EMPTY_BODY = YES;
				CLANG_WARN_ENUM_CONVERSION = YES;
				CLANG_WARN_INFINITE_RECURSION = YES;
				CLANG_WARN_INT_CONVERSION = YES;
				CLANG_WARN_NON_LITERAL_NULL_CONVERSION = YES;
				CLANG_WARN_OBJC_LITERAL_CONVERSION = YES;
				CLANG_WARN_OBJC_ROOT_CLASS = YES_ERROR;
				CLANG_WARN_RANGE_LOOP_ANALYSIS = YES;
				CLANG_WARN_STRICT_PROTOTYPES = YES;
				CLANG_WARN_SUSPICIOUS_MOVE = YES;
				CLANG_WARN_UNGUARDED_AVAILABILITY = YES_AGGRESSIVE;
				CLANG_WARN_UNREACHABLE_CODE = YES;
				CLANG_WARN__DUPLICATE_METHOD_MATCH = YES;
				CODE_SIGN_IDENTITY = "iPhone Developer";
				COPY_PHASE_STRIP = NO;
				DEBUG_INFORMATION_FORMAT = dwarf;
				ENABLE_STRICT_OBJC_MSGSEND = YES;
				ENABLE_TESTABILITY = YES;
				GCC_C_LANGUAGE_STANDARD = gnu11;
				GCC_DYNAMIC_NO_PIC = NO;
				GCC_NO_COMMON_BLOCKS = YES;
				GCC_OPTIMIZATION_LEVEL = 0;
				GCC_PREPROCESSOR_DEFINITIONS = (
					"DEBUG=1",
					"$(inherited)",
				);
				GCC_WARN_64_TO_32_BIT_CONVERSION = YES;
				GCC_WARN_ABOUT_RETURN_TYPE = YES_ERROR;
				GCC_WARN_UNDECLARED_SELECTOR = YES;
				GCC_WARN_UNINITIALIZED_AUTOS = YES_AGGRESSIVE;
				GCC_WARN_UNUSED_FUNCTION = YES;
				GCC_WARN_UNUSED_VARIABLE = YES;
				IPHONEOS_DEPLOYMENT_TARGET = 11.2;
				MTL_ENABLE_DEBUG_INFO = YES;
				ONLY_ACTIVE_ARCH = YES;
				SDKROOT = iphoneos;
			};
			name = Debug;
		};
		1E9EC8582063DC68000A5E17 /* Release */ = {
			isa = XCBuildConfiguration;
			buildSettings = {
				ALWAYS_SEARCH_USER_PATHS = NO;
				CLANG_ANALYZER_NONNULL = YES;
				CLANG_ANALYZER_NUMBER_OBJECT_CONVERSION = YES_AGGRESSIVE;
				CLANG_CXX_LANGUAGE_STANDARD = "gnu++14";
				CLANG_CXX_LIBRARY = "libc++";
				CLANG_ENABLE_MODULES = YES;
				CLANG_ENABLE_OBJC_ARC = YES;
				CLANG_WARN_BLOCK_CAPTURE_AUTORELEASING = YES;
				CLANG_WARN_BOOL_CONVERSION = YES;
				CLANG_WARN_COMMA = YES;
				CLANG_WARN_CONSTANT_CONVERSION = YES;
				CLANG_WARN_DIRECT_OBJC_ISA_USAGE = YES_ERROR;
				CLANG_WARN_DOCUMENTATION_COMMENTS = YES;
				CLANG_WARN_EMPTY_BODY = YES;
				CLANG_WARN_ENUM_CONVERSION = YES;
				CLANG_WARN_INFINITE_RECURSION = YES;
				CLANG_WARN_INT_CONVERSION = YES;
				CLANG_WARN_NON_LITERAL_NULL_CONVERSION = YES;
				CLANG_WARN_OBJC_LITERAL_CONVERSION = YES;
				CLANG_WARN_OBJC_ROOT_CLASS = YES_ERROR;
				CLANG_WARN_RANGE_LOOP_ANALYSIS = YES;
				CLANG_WARN_STRICT_PROTOTYPES = YES;
				CLANG_WARN_SUSPICIOUS_MOVE = YES;
				CLANG_WARN_UNGUARDED_AVAILABILITY = YES_AGGRESSIVE;
				CLANG_WARN_UNREACHABLE_CODE = YES;
				CLANG_WARN__DUPLICATE_METHOD_MATCH = YES;
				CODE_SIGN_IDENTITY = "iPhone Developer";
				COPY_PHASE_STRIP = NO;
				DEBUG_INFORMATION_FORMAT = "dwarf-with-dsym";
				ENABLE_NS_ASSERTIONS = NO;
				ENABLE_STRICT_OBJC_MSGSEND = YES;
				GCC_C_LANGUAGE_STANDARD = gnu11;
				GCC_NO_COMMON_BLOCKS = YES;
				GCC_WARN_64_TO_32_BIT_CONVERSION = YES;
				GCC_WARN_ABOUT_RETURN_TYPE = YES_ERROR;
				GCC_WARN_UNDECLARED_SELECTOR = YES;
				GCC_WARN_UNINITIALIZED_AUTOS = YES_AGGRESSIVE;
				GCC_WARN_UNUSED_FUNCTION = YES;
				GCC_WARN_UNUSED_VARIABLE = YES;
				IPHONEOS_DEPLOYMENT_TARGET = 11.2;
				MTL_ENABLE_DEBUG_INFO = NO;
				SDKROOT = iphoneos;
				VALIDATE_PRODUCT = YES;
			};
			name = Release;
		};
		1E9EC85A2063DC68000A5E17 /* Debug */ = {
			isa = XCBuildConfiguration;
			baseConfigurationReference = 04F015C59A4CC38D180C47FA /* Pods-GZNetwork.debug.xcconfig */;
			buildSettings = {
				ASSETCATALOG_COMPILER_APPICON_NAME = AppIcon;
				CODE_SIGN_STYLE = Automatic;
				INFOPLIST_FILE = GZNetwork/Info.plist;
				LD_RUNPATH_SEARCH_PATHS = "$(inherited) @executable_path/Frameworks";
				PRODUCT_BUNDLE_IDENTIFIER = com.zzh.GZNetwork;
				PRODUCT_NAME = "$(TARGET_NAME)";
				TARGETED_DEVICE_FAMILY = "1,2";
			};
			name = Debug;
		};
		1E9EC85B2063DC68000A5E17 /* Release */ = {
			isa = XCBuildConfiguration;
			baseConfigurationReference = 07D46B8DF7F2388B7044325C /* Pods-GZNetwork.release.xcconfig */;
			buildSettings = {
				ASSETCATALOG_COMPILER_APPICON_NAME = AppIcon;
				CODE_SIGN_STYLE = Automatic;
				INFOPLIST_FILE = GZNetwork/Info.plist;
				LD_RUNPATH_SEARCH_PATHS = "$(inherited) @executable_path/Frameworks";
				PRODUCT_BUNDLE_IDENTIFIER = com.zzh.GZNetwork;
				PRODUCT_NAME = "$(TARGET_NAME)";
				TARGETED_DEVICE_FAMILY = "1,2";
			};
			name = Release;
		};
		1E9EC85D2063DC68000A5E17 /* Debug */ = {
			isa = XCBuildConfiguration;
			buildSettings = {
				BUNDLE_LOADER = "$(TEST_HOST)";
				CODE_SIGN_STYLE = Automatic;
				INFOPLIST_FILE = GZNetworkTests/Info.plist;
				LD_RUNPATH_SEARCH_PATHS = "$(inherited) @executable_path/Frameworks @loader_path/Frameworks";
				PRODUCT_BUNDLE_IDENTIFIER = com.zzh.GZNetworkTests;
				PRODUCT_NAME = "$(TARGET_NAME)";
				TARGETED_DEVICE_FAMILY = "1,2";
				TEST_HOST = "$(BUILT_PRODUCTS_DIR)/GZNetwork.app/GZNetwork";
			};
			name = Debug;
		};
		1E9EC85E2063DC68000A5E17 /* Release */ = {
			isa = XCBuildConfiguration;
			buildSettings = {
				BUNDLE_LOADER = "$(TEST_HOST)";
				CODE_SIGN_STYLE = Automatic;
				INFOPLIST_FILE = GZNetworkTests/Info.plist;
				LD_RUNPATH_SEARCH_PATHS = "$(inherited) @executable_path/Frameworks @loader_path/Frameworks";
				PRODUCT_BUNDLE_IDENTIFIER = com.zzh.GZNetworkTests;
				PRODUCT_NAME = "$(TARGET_NAME)";
				TARGETED_DEVICE_FAMILY = "1,2";
				TEST_HOST = "$(BUILT_PRODUCTS_DIR)/GZNetwork.app/GZNetwork";
			};
			name = Release;
		};
		1E9EC8602063DC68000A5E17 /* Debug */ = {
			isa = XCBuildConfiguration;
			buildSettings = {
				CODE_SIGN_STYLE = Automatic;
				INFOPLIST_FILE = GZNetworkUITests/Info.plist;
				LD_RUNPATH_SEARCH_PATHS = "$(inherited) @executable_path/Frameworks @loader_path/Frameworks";
				PRODUCT_BUNDLE_IDENTIFIER = com.zzh.GZNetworkUITests;
				PRODUCT_NAME = "$(TARGET_NAME)";
				TARGETED_DEVICE_FAMILY = "1,2";
				TEST_TARGET_NAME = GZNetwork;
			};
			name = Debug;
		};
		1E9EC8612063DC68000A5E17 /* Release */ = {
			isa = XCBuildConfiguration;
			buildSettings = {
				CODE_SIGN_STYLE = Automatic;
				INFOPLIST_FILE = GZNetworkUITests/Info.plist;
				LD_RUNPATH_SEARCH_PATHS = "$(inherited) @executable_path/Frameworks @loader_path/Frameworks";
				PRODUCT_BUNDLE_IDENTIFIER = com.zzh.GZNetworkUITests;
				PRODUCT_NAME = "$(TARGET_NAME)";
				TARGETED_DEVICE_FAMILY = "1,2";
				TEST_TARGET_NAME = GZNetwork;
			};
			name = Release;
		};
/* End XCBuildConfiguration section */

/* Begin XCConfigurationList section */
		1E9EC8282063DC68000A5E17 /* Build configuration list for PBXProject "GZNetwork" */ = {
			isa = XCConfigurationList;
			buildConfigurations = (
				1E9EC8572063DC68000A5E17 /* Debug */,
				1E9EC8582063DC68000A5E17 /* Release */,
			);
			defaultConfigurationIsVisible = 0;
			defaultConfigurationName = Release;
		};
		1E9EC8592063DC68000A5E17 /* Build configuration list for PBXNativeTarget "GZNetwork" */ = {
			isa = XCConfigurationList;
			buildConfigurations = (
				1E9EC85A2063DC68000A5E17 /* Debug */,
				1E9EC85B2063DC68000A5E17 /* Release */,
			);
			defaultConfigurationIsVisible = 0;
			defaultConfigurationName = Release;
		};
		1E9EC85C2063DC68000A5E17 /* Build configuration list for PBXNativeTarget "GZNetworkTests" */ = {
			isa = XCConfigurationList;
			buildConfigurations = (
				1E9EC85D2063DC68000A5E17 /* Debug */,
				1E9EC85E2063DC68000A5E17 /* Release */,
			);
			defaultConfigurationIsVisible = 0;
			defaultConfigurationName = Release;
		};
		1E9EC85F2063DC68000A5E17 /* Build configuration list for PBXNativeTarget "GZNetworkUITests" */ = {
			isa = XCConfigurationList;
			buildConfigurations = (
				1E9EC8602063DC68000A5E17 /* Debug */,
				1E9EC8612063DC68000A5E17 /* Release */,
			);
			defaultConfigurationIsVisible = 0;
			defaultConfigurationName = Release;
		};
/* End XCConfigurationList section */
	};
	rootObject = 1E9EC8252063DC68000A5E17 /* Project object */;
}
